<?xml version="1.0" encoding="utf-8"?>
<Project ToolsVersion="4.0" xmlns="http://schemas.microsoft.com/developer/msbuild/2003">
  <ItemGroup>
    <ClCompile Include="main.cpp" />
    <ClCompile Include="Application Manager\ApplicationManager.cpp">
      <Filter>manager</Filter>
    </ClCompile>
    <ClCompile Include="Model.cpp">
      <Filter>model</Filter>
    </ClCompile>
    <ClCompile Include="Shaders\shader.cpp">
      <Filter>shader</Filter>
    </ClCompile>
    <ClCompile Include="stb_image.c">
      <Filter>texture</Filter>
    </ClCompile>
    <ClCompile Include="texture.cpp">
      <Filter>texture</Filter>
    </ClCompile>
    <ClCompile Include="Model3D.cpp">
      <Filter>model</Filter>
    </ClCompile>
    <ClCompile Include="ModelNode.cpp">
      <Filter>model</Filter>
    </ClCompile>
    <ClCompile Include="TexturedModel.cpp">
      <Filter>model</Filter>
    </ClCompile>
    <ClCompile Include="ShaderProgram.cpp">
      <Filter>shader</Filter>
    </ClCompile>
    <ClCompile Include="md2model.cpp">
      <Filter>model</Filter>
    </ClCompile>
    <ClCompile Include="KeyFrameAnimationShader.cpp">
      <Filter>shader</Filter>
    </ClCompile>
    <ClCompile Include="vertexBufferObject.cpp">
      <Filter>model</Filter>
    </ClCompile>
    <ClCompile Include="LoadingModel\Md3.cpp">
      <Filter>loading models</Filter>
    </ClCompile>
    <ClCompile Include="LoadingModel\MD5Animation.cpp">
      <Filter>loading models</Filter>
    </ClCompile>
    <ClCompile Include="LoadingModel\MD5Model.cpp">
      <Filter>loading models</Filter>
    </ClCompile>
    <ClCompile Include="LoadingModel\md2LeagueOfLegend.cpp">
      <Filter>loading models</Filter>
    </ClCompile>
    <ClCompile Include="Renderer.cpp">
      <Filter>Your Work</Filter>
    </ClCompile>
    <ClCompile Include="FirstPersonCamera.cpp">
      <Filter>camera</Filter>
    </ClCompile>
  </ItemGroup>
  <ItemGroup>
    <ClInclude Include="Application Manager\ApplicationManager.h">
      <Filter>manager</Filter>
    </ClInclude>
    <ClInclude Include="Model.h">
      <Filter>model</Filter>
    </ClInclude>
    <ClInclude Include="Shaders\shader.hpp">
      <Filter>shader</Filter>
    </ClInclude>
    <ClInclude Include="stb_image.h">
      <Filter>texture</Filter>
    </ClInclude>
    <ClInclude Include="texture.h">
      <Filter>texture</Filter>
    </ClInclude>
    <ClInclude Include="Model3D.h">
      <Filter>model</Filter>
    </ClInclude>
    <ClInclude Include="ModelNode.h">
      <Filter>model</Filter>
    </ClInclude>
    <ClInclude Include="TexturedModel.h">
      <Filter>model</Filter>
    </ClInclude>
    <ClInclude Include="ShaderProgram.h">
      <Filter>shader</Filter>
    </ClInclude>
    <ClInclude Include="md2model.h">
      <Filter>model</Filter>
    </ClInclude>
    <ClInclude Include="KeyFrameAnimationShader.h">
      <Filter>shader</Filter>
    </ClInclude>
    <ClInclude Include="vertexBufferObject.h">
      <Filter>model</Filter>
    </ClInclude>
    <ClInclude Include="LoadingModel\Helpers.h">
      <Filter>loading models</Filter>
    </ClInclude>
    <ClInclude Include="LoadingModel\Md3.h">
      <Filter>loading models</Filter>
    </ClInclude>
    <ClInclude Include="LoadingModel\MD5Animation.h">
      <Filter>loading models</Filter>
    </ClInclude>
    <ClInclude Include="LoadingModel\MD5Model.h">
      <Filter>loading models</Filter>
    </ClInclude>
    <ClInclude Include="LoadingModel\md2LeagueOfLegend.h">
      <Filter>loading models</Filter>
    </ClInclude>
    <ClInclude Include="Renderer.h">
      <Filter>Your Work</Filter>
    </ClInclude>
    <ClInclude Include="FirstPersonCamera.h">
      <Filter>camera</Filter>
    </ClInclude>
  </ItemGroup>
  <ItemGroup>
    <None Include="MultiColor.fragmentshader">
      <Filter>shader</Filter>
    </None>
    <None Include="SimpleTransformWithColor.vertexshader">
      <Filter>shader</Filter>
    </None>
    <None Include="model.fragmentshader">
      <Filter>shader</Filter>
    </None>
    <None Include="model.vertexshader">
      <Filter>shader</Filter>
    </None>
    <None Include="KeyframeAnimation.vertexshader">
      <Filter>shader</Filter>
    </None>
    <None Include="TextureLighting.fragmentshader">
      <Filter>shader</Filter>
    </None>
  </ItemGroup>
  <ItemGroup>
    <Filter Include="manager">
      <UniqueIdentifier>{ff6d69a9-6646-49d6-a97a-f483d077aa81}</UniqueIdentifier>
    </Filter>
    <Filter Include="model">
      <UniqueIdentifier>{b36cf955-d24c-472c-8580-e74017d708b2}</UniqueIdentifier>
    </Filter>
    <Filter Include="shader">
      <UniqueIdentifier>{da589331-ced3-4f2b-9fbd-a1026cbc1531}</UniqueIdentifier>
    </Filter>
    <Filter Include="texture">
      <UniqueIdentifier>{304acfa5-ae22-41af-b600-4cf78b68a2f2}</UniqueIdentifier>
    </Filter>
    <Filter Include="camera">
      <UniqueIdentifier>{1bfd6e2e-af3b-424d-a76f-d4039ee2b8a5}</UniqueIdentifier>
    </Filter>
    <Filter Include="Your Work">
      <UniqueIdentifier>{3ab71185-87ad-4880-9b29-e5b78351394d}</UniqueIdentifier>
    </Filter>
    <Filter Include="loading models">
      <UniqueIdentifier>{50cc95b5-f8c6-4515-80de-d4165492c12b}</UniqueIdentifier>
    </Filter>
  </ItemGroup>
</Project>